
Microsoft Visual Studio Solution File, Format Version 12.00
# Visual Studio Version 16
VisualStudioVersion = 16.0.29215.179
MinimumVisualStudioVersion = 10.0.40219.1
Project("{FAE04EC0-301F-11D3-BF4B-00C04F79EFBC}") = "ClassNr2", "ClassNr2\ClassNr2.csproj", "{3AE10B70-4126-4898-9CCD-291D04E56D3D}"
EndProject
Global
	GlobalSection(SolutionConfigurationPlatforms) = preSolution
		Debug|Any CPU = Debug|Any CPU
		Release|Any CPU = Release|Any CPU
	EndGlobalSection
	GlobalSection(ProjectConfigurationPlatforms) = postSolution
		{3AE10B70-4126-4898-9CCD-291D04E56D3D}.Debug|Any CPU.ActiveCfg = Debug|Any CPU
		{3AE10B70-4126-4898-9CCD-291D04E56D3D}.Debug|Any CPU.Build.0 = Debug|Any CPU
		{3AE10B70-4126-4898-9CCD-291D04E56D3D}.Release|Any CPU.ActiveCfg = Release|Any CPU
		{3AE10B70-4126-4898-9CCD-291D04E56D3D}.Release|Any CPU.Build.0 = Release|Any CPU
	EndGlobalSection
	GlobalSection(SolutionProperties) = preSolution
		HideSolutionNode = FALSE
	EndGlobalSection
	GlobalSection(ExtensibilityGlobals) = postSolution
		SolutionGuid = {5482360D-7A2A-4058-AFB6-C03D1C1263C8}
	EndGlobalSection
EndGlobal
